
Microsoft Visual Studio Solution File, Format Version 12.00
# Visual Studio Version 16
VisualStudioVersion = 16.0.31702.278
MinimumVisualStudioVersion = 10.0.40219.1
Project("{8BC9CEB8-8B4A-11D0-8D11-00A0C91BC942}") = "新增加一个节", "新增加一个节.vcxproj", "{E7CE25E8-548B-488D-8219-62D7F1D4527D}"
EndProject
Project("{8BC9CEB8-8B4A-11D0-8D11-00A0C91BC942}") = "Test_exe", "..\Test_exe\Test_exe.vcxproj", "{B82AE132-2716-4FA7-A643-FC8E615741C6}"
EndProject
Project("{8BC9CEB8-8B4A-11D0-8D11-00A0C91BC942}") = "扩大一个节", "..\扩大一个节\扩大一个节.vcxproj", "{984D3836-5BB5-44E4-9D78-9F7A9E798592}"
EndProject
Global
	GlobalSection(SolutionConfigurationPlatforms) = preSolution
		Debug|x64 = Debug|x64
		Debug|x86 = Debug|x86
		Release|x64 = Release|x64
		Release|x86 = Release|x86
	EndGlobalSection
	GlobalSection(ProjectConfigurationPlatforms) = postSolution
		{E7CE25E8-548B-488D-8219-62D7F1D4527D}.Debug|x64.ActiveCfg = Debug|x64
		{E7CE25E8-548B-488D-8219-62D7F1D4527D}.Debug|x64.Build.0 = Debug|x64
		{E7CE25E8-548B-488D-8219-62D7F1D4527D}.Debug|x86.ActiveCfg = Debug|Win32
		{E7CE25E8-548B-488D-8219-62D7F1D4527D}.Debug|x86.Build.0 = Debug|Win32
		{E7CE25E8-548B-488D-8219-62D7F1D4527D}.Release|x64.ActiveCfg = Release|x64
		{E7CE25E8-548B-488D-8219-62D7F1D4527D}.Release|x64.Build.0 = Release|x64
		{E7CE25E8-548B-488D-8219-62D7F1D4527D}.Release|x86.ActiveCfg = Release|Win32
		{E7CE25E8-548B-488D-8219-62D7F1D4527D}.Release|x86.Build.0 = Release|Win32
		{B82AE132-2716-4FA7-A643-FC8E615741C6}.Debug|x64.ActiveCfg = Debug|x64
		{B82AE132-2716-4FA7-A643-FC8E615741C6}.Debug|x64.Build.0 = Debug|x64
		{B82AE132-2716-4FA7-A643-FC8E615741C6}.Debug|x86.ActiveCfg = Debug|Win32
		{B82AE132-2716-4FA7-A643-FC8E615741C6}.Debug|x86.Build.0 = Debug|Win32
		{B82AE132-2716-4FA7-A643-FC8E615741C6}.Release|x64.ActiveCfg = Release|x64
		{B82AE132-2716-4FA7-A643-FC8E615741C6}.Release|x64.Build.0 = Release|x64
		{B82AE132-2716-4FA7-A643-FC8E615741C6}.Release|x86.ActiveCfg = Release|Win32
		{B82AE132-2716-4FA7-A643-FC8E615741C6}.Release|x86.Build.0 = Release|Win32
		{984D3836-5BB5-44E4-9D78-9F7A9E798592}.Debug|x64.ActiveCfg = Debug|x64
		{984D3836-5BB5-44E4-9D78-9F7A9E798592}.Debug|x64.Build.0 = Debug|x64
		{984D3836-5BB5-44E4-9D78-9F7A9E798592}.Debug|x86.ActiveCfg = Debug|Win32
		{984D3836-5BB5-44E4-9D78-9F7A9E798592}.Debug|x86.Build.0 = Debug|Win32
		{984D3836-5BB5-44E4-9D78-9F7A9E798592}.Release|x64.ActiveCfg = Release|x64
		{984D3836-5BB5-44E4-9D78-9F7A9E798592}.Release|x64.Build.0 = Release|x64
		{984D3836-5BB5-44E4-9D78-9F7A9E798592}.Release|x86.ActiveCfg = Release|Win32
		{984D3836-5BB5-44E4-9D78-9F7A9E798592}.Release|x86.Build.0 = Release|Win32
	EndGlobalSection
	GlobalSection(SolutionProperties) = preSolution
		HideSolutionNode = FALSE
	EndGlobalSection
	GlobalSection(ExtensibilityGlobals) = postSolution
		SolutionGuid = {2F91B73C-0433-4209-85A0-E045E34F2A72}
	EndGlobalSection
EndGlobal
